
Microsoft Visual Studio Solution File, Format Version 12.00
# Visual Studio Version 16
VisualStudioVersion = 16.0.30517.126
MinimumVisualStudioVersion = 10.0.40219.1
Project("{FAE04EC0-301F-11D3-BF4B-00C04F79EFBC}") = "FilesAndProperties", "FilesAndProperties\FilesAndProperties.csproj", "{42108B17-DEC9-4442-A1F2-EEB464D6DF11}"
EndProject
Global
	GlobalSection(SolutionConfigurationPlatforms) = preSolution
		Debug|Any CPU = Debug|Any CPU
		Release|Any CPU = Release|Any CPU
	EndGlobalSection
	GlobalSection(ProjectConfigurationPlatforms) = postSolution
		{42108B17-DEC9-4442-A1F2-EEB464D6DF11}.Debug|Any CPU.ActiveCfg = Debug|Any CPU
		{42108B17-DEC9-4442-A1F2-EEB464D6DF11}.Debug|Any CPU.Build.0 = Debug|Any CPU
		{42108B17-DEC9-4442-A1F2-EEB464D6DF11}.Release|Any CPU.ActiveCfg = Release|Any CPU
		{42108B17-DEC9-4442-A1F2-EEB464D6DF11}.Release|Any CPU.Build.0 = Release|Any CPU
	EndGlobalSection
	GlobalSection(SolutionProperties) = preSolution
		HideSolutionNode = FALSE
	EndGlobalSection
	GlobalSection(ExtensibilityGlobals) = postSolution
		SolutionGuid = {8BCEDA2F-4487-4D03-80BB-7EB0722BCEBF}
	EndGlobalSection
EndGlobal
